
Microsoft Visual Studio Solution File, Format Version 12.00
# Visual Studio 15
VisualStudioVersion = 15.0.26228.9
MinimumVisualStudioVersion = 10.0.40219.1
Project("{FAE04EC0-301F-11D3-BF4B-00C04F79EFBC}") = "ContosoUniversity", "ContosoUniversity\ContosoUniversity.csproj", "{C90948BD-EE20-4904-ACE3-8AECB841204D}"
EndProject
Global
	GlobalSection(SolutionConfigurationPlatforms) = preSolution
		Debug|Any CPU = Debug|Any CPU
		Release|Any CPU = Release|Any CPU
	EndGlobalSection
	GlobalSection(ProjectConfigurationPlatforms) = postSolution
		{C90948BD-EE20-4904-ACE3-8AECB841204D}.Debug|Any CPU.ActiveCfg = Debug|Any CPU
		{C90948BD-EE20-4904-ACE3-8AECB841204D}.Debug|Any CPU.Build.0 = Debug|Any CPU
		{C90948BD-EE20-4904-ACE3-8AECB841204D}.Release|Any CPU.ActiveCfg = Release|Any CPU
		{C90948BD-EE20-4904-ACE3-8AECB841204D}.Release|Any CPU.Build.0 = Release|Any CPU
	EndGlobalSection
	GlobalSection(SolutionProperties) = preSolution
		HideSolutionNode = FALSE
	EndGlobalSection
	GlobalSection(ExtensibilityGlobals) = postSolution
		SolutionGuid = {EA92666A-BF45-4AA2-B42D-E1D66D9BAC56}
	EndGlobalSection
EndGlobal
