
Microsoft Visual Studio Solution File, Format Version 12.00
# Visual Studio 15
VisualStudioVersion = 15.0.28307.489
MinimumVisualStudioVersion = 10.0.40219.1
Project("{FAE04EC0-301F-11D3-BF4B-00C04F79EFBC}") = "Authentication_Practice", "Authentication_Practice\Authentication_Practice.csproj", "{3B93EBDE-B71B-492C-A8E1-733B6614A966}"
EndProject
Global
	GlobalSection(SolutionConfigurationPlatforms) = preSolution
		Debug|Any CPU = Debug|Any CPU
		Release|Any CPU = Release|Any CPU
	EndGlobalSection
	GlobalSection(ProjectConfigurationPlatforms) = postSolution
		{3B93EBDE-B71B-492C-A8E1-733B6614A966}.Debug|Any CPU.ActiveCfg = Debug|Any CPU
		{3B93EBDE-B71B-492C-A8E1-733B6614A966}.Debug|Any CPU.Build.0 = Debug|Any CPU
		{3B93EBDE-B71B-492C-A8E1-733B6614A966}.Release|Any CPU.ActiveCfg = Release|Any CPU
		{3B93EBDE-B71B-492C-A8E1-733B6614A966}.Release|Any CPU.Build.0 = Release|Any CPU
	EndGlobalSection
	GlobalSection(SolutionProperties) = preSolution
		HideSolutionNode = FALSE
	EndGlobalSection
	GlobalSection(ExtensibilityGlobals) = postSolution
		SolutionGuid = {EDEDF8A9-3AD7-4BBA-99AD-B3BDE2E75ABB}
	EndGlobalSection
EndGlobal
